
Microsoft Visual Studio Solution File, Format Version 12.00
# Visual Studio Version 16
VisualStudioVersion = 16.0.30509.190
MinimumVisualStudioVersion = 10.0.40219.1
Project("{FAE04EC0-301F-11D3-BF4B-00C04F79EFBC}") = "UsersAndAlbums", "UsersAndAlbums\UsersAndAlbums.csproj", "{C09368B5-69CC-4EC6-93D8-7D2AC5BFCEE2}"
EndProject
Global
	GlobalSection(SolutionConfigurationPlatforms) = preSolution
		Debug|Any CPU = Debug|Any CPU
		Release|Any CPU = Release|Any CPU
	EndGlobalSection
	GlobalSection(ProjectConfigurationPlatforms) = postSolution
		{C09368B5-69CC-4EC6-93D8-7D2AC5BFCEE2}.Debug|Any CPU.ActiveCfg = Debug|Any CPU
		{C09368B5-69CC-4EC6-93D8-7D2AC5BFCEE2}.Debug|Any CPU.Build.0 = Debug|Any CPU
		{C09368B5-69CC-4EC6-93D8-7D2AC5BFCEE2}.Release|Any CPU.ActiveCfg = Release|Any CPU
		{C09368B5-69CC-4EC6-93D8-7D2AC5BFCEE2}.Release|Any CPU.Build.0 = Release|Any CPU
	EndGlobalSection
	GlobalSection(SolutionProperties) = preSolution
		HideSolutionNode = FALSE
	EndGlobalSection
	GlobalSection(ExtensibilityGlobals) = postSolution
		SolutionGuid = {5D99D872-59FB-424E-B3DA-7CB0134669A7}
	EndGlobalSection
EndGlobal
